
Microsoft Visual Studio Solution File, Format Version 12.00
# Visual Studio 15
VisualStudioVersion = 15.0.28010.2003
MinimumVisualStudioVersion = 10.0.40219.1
Project("{FAE04EC0-301F-11D3-BF4B-00C04F79EFBC}") = "MVCMusicStore", "MVCMusicStore\MVCMusicStore.csproj", "{67A5A477-825C-4A15-8657-8D1A4C88C35C}"
EndProject
Project("{FAE04EC0-301F-11D3-BF4B-00C04F79EFBC}") = "MVCMusicStore.Tests", "MVCMusicStore.Tests\MVCMusicStore.Tests.csproj", "{FF919F3F-2BC6-44AA-8315-4C34F6D14EE1}"
EndProject
Global
	GlobalSection(SolutionConfigurationPlatforms) = preSolution
		Debug|Any CPU = Debug|Any CPU
		Release|Any CPU = Release|Any CPU
	EndGlobalSection
	GlobalSection(ProjectConfigurationPlatforms) = postSolution
		{67A5A477-825C-4A15-8657-8D1A4C88C35C}.Debug|Any CPU.ActiveCfg = Debug|Any CPU
		{67A5A477-825C-4A15-8657-8D1A4C88C35C}.Debug|Any CPU.Build.0 = Debug|Any CPU
		{67A5A477-825C-4A15-8657-8D1A4C88C35C}.Release|Any CPU.ActiveCfg = Release|Any CPU
		{67A5A477-825C-4A15-8657-8D1A4C88C35C}.Release|Any CPU.Build.0 = Release|Any CPU
		{FF919F3F-2BC6-44AA-8315-4C34F6D14EE1}.Debug|Any CPU.ActiveCfg = Debug|Any CPU
		{FF919F3F-2BC6-44AA-8315-4C34F6D14EE1}.Debug|Any CPU.Build.0 = Debug|Any CPU
		{FF919F3F-2BC6-44AA-8315-4C34F6D14EE1}.Release|Any CPU.ActiveCfg = Release|Any CPU
		{FF919F3F-2BC6-44AA-8315-4C34F6D14EE1}.Release|Any CPU.Build.0 = Release|Any CPU
	EndGlobalSection
	GlobalSection(SolutionProperties) = preSolution
		HideSolutionNode = FALSE
	EndGlobalSection
	GlobalSection(ExtensibilityGlobals) = postSolution
		SolutionGuid = {84163485-6500-4AA2-B78D-A3255CEF420A}
	EndGlobalSection
EndGlobal
